
Microsoft Visual Studio Solution File, Format Version 12.00
# Visual Studio Version 16
VisualStudioVersion = 16.0.30524.135
MinimumVisualStudioVersion = 15.0.26124.0
Project("{2150E333-8FDC-42A3-9474-1A3956D46DE8}") = "Solution Items", "Solution Items", "{4FCB6A5C-513F-4C55-8006-9F379857087D}"
	ProjectSection(SolutionItems) = preProject
		.editorconfig = .editorconfig
		Dockerfile = Dockerfile
		LICENSE = LICENSE
		README.md = README.md
		semver.txt = semver.txt
	EndProjectSection
EndProject
Project("{FAE04EC0-301F-11D3-BF4B-00C04F79EFBC}") = "CycloneDX.CLI", "CycloneDX.CLI\CycloneDX.CLI.csproj", "{14FDEC6A-9E00-4CDD-ACD5-EDD7CA4C3741}"
EndProject
Global
	GlobalSection(SolutionConfigurationPlatforms) = preSolution
		Debug|Any CPU = Debug|Any CPU
		Debug|x64 = Debug|x64
		Debug|x86 = Debug|x86
		Release|Any CPU = Release|Any CPU
		Release|x64 = Release|x64
		Release|x86 = Release|x86
	EndGlobalSection
	GlobalSection(ProjectConfigurationPlatforms) = postSolution
		{14FDEC6A-9E00-4CDD-ACD5-EDD7CA4C3741}.Debug|Any CPU.ActiveCfg = Debug|Any CPU
		{14FDEC6A-9E00-4CDD-ACD5-EDD7CA4C3741}.Debug|Any CPU.Build.0 = Debug|Any CPU
		{14FDEC6A-9E00-4CDD-ACD5-EDD7CA4C3741}.Debug|x64.ActiveCfg = Debug|Any CPU
		{14FDEC6A-9E00-4CDD-ACD5-EDD7CA4C3741}.Debug|x64.Build.0 = Debug|Any CPU
		{14FDEC6A-9E00-4CDD-ACD5-EDD7CA4C3741}.Debug|x86.ActiveCfg = Debug|Any CPU
		{14FDEC6A-9E00-4CDD-ACD5-EDD7CA4C3741}.Debug|x86.Build.0 = Debug|Any CPU
		{14FDEC6A-9E00-4CDD-ACD5-EDD7CA4C3741}.Release|Any CPU.ActiveCfg = Release|Any CPU
		{14FDEC6A-9E00-4CDD-ACD5-EDD7CA4C3741}.Release|Any CPU.Build.0 = Release|Any CPU
		{14FDEC6A-9E00-4CDD-ACD5-EDD7CA4C3741}.Release|x64.ActiveCfg = Release|Any CPU
		{14FDEC6A-9E00-4CDD-ACD5-EDD7CA4C3741}.Release|x64.Build.0 = Release|Any CPU
		{14FDEC6A-9E00-4CDD-ACD5-EDD7CA4C3741}.Release|x86.ActiveCfg = Release|Any CPU
		{14FDEC6A-9E00-4CDD-ACD5-EDD7CA4C3741}.Release|x86.Build.0 = Release|Any CPU
	EndGlobalSection
	GlobalSection(SolutionProperties) = preSolution
		HideSolutionNode = FALSE
	EndGlobalSection
	GlobalSection(ExtensibilityGlobals) = postSolution
		SolutionGuid = {382B7E41-7FCF-43AE-A35A-2CACB3ADD91B}
	EndGlobalSection
	GlobalSection(MonoDevelopProperties) = preSolution
		Policies = $0
		$0.DotNetNamingPolicy = $1
		$1.DirectoryNamespaceAssociation = PrefixedHierarchical
		$0.StandardHeader = $2
		$0.VersionControlPolicy = $3
		version = 0.5.0
	EndGlobalSection
EndGlobal
